
Microsoft Visual Studio Solution File, Format Version 12.00
# Visual Studio Version 17
VisualStudioVersion = 17.6.33829.357
MinimumVisualStudioVersion = 10.0.40219.1
Project("{FAE04EC0-301F-11D3-BF4B-00C04F79EFBC}") = "OpenPAA", "OpenPAA.csproj", "{2084101B-BC82-4149-B7D3-D4C8A5CC617C}"
EndProject
Global
	GlobalSection(SolutionConfigurationPlatforms) = preSolution
		Debug|Any CPU = Debug|Any CPU
		Release|Any CPU = Release|Any CPU
	EndGlobalSection
	GlobalSection(ProjectConfigurationPlatforms) = postSolution
		{2084101B-BC82-4149-B7D3-D4C8A5CC617C}.Debug|Any CPU.ActiveCfg = Debug|Any CPU
		{2084101B-BC82-4149-B7D3-D4C8A5CC617C}.Debug|Any CPU.Build.0 = Debug|Any CPU
		{2084101B-BC82-4149-B7D3-D4C8A5CC617C}.Release|Any CPU.ActiveCfg = Release|Any CPU
		{2084101B-BC82-4149-B7D3-D4C8A5CC617C}.Release|Any CPU.Build.0 = Release|Any CPU
	EndGlobalSection
	GlobalSection(SolutionProperties) = preSolution
		HideSolutionNode = FALSE
	EndGlobalSection
	GlobalSection(ExtensibilityGlobals) = postSolution
		SolutionGuid = {CD528DFB-CA58-4AC1-8586-39033737F638}
	EndGlobalSection
EndGlobal
